
Microsoft Visual Studio Solution File, Format Version 12.00
# Visual Studio Version 16
VisualStudioVersion = 16.0.31702.278
MinimumVisualStudioVersion = 10.0.40219.1
Project("{FAE04EC0-301F-11D3-BF4B-00C04F79EFBC}") = "Compiler_", "Compiler_\Compiler_.csproj", "{FC9AC1CA-13DC-4314-86CC-10E5B76FC539}"
EndProject
Global
	GlobalSection(SolutionConfigurationPlatforms) = preSolution
		Debug|Any CPU = Debug|Any CPU
		Release|Any CPU = Release|Any CPU
	EndGlobalSection
	GlobalSection(ProjectConfigurationPlatforms) = postSolution
		{FC9AC1CA-13DC-4314-86CC-10E5B76FC539}.Debug|Any CPU.ActiveCfg = Debug|Any CPU
		{FC9AC1CA-13DC-4314-86CC-10E5B76FC539}.Debug|Any CPU.Build.0 = Debug|Any CPU
		{FC9AC1CA-13DC-4314-86CC-10E5B76FC539}.Release|Any CPU.ActiveCfg = Release|Any CPU
		{FC9AC1CA-13DC-4314-86CC-10E5B76FC539}.Release|Any CPU.Build.0 = Release|Any CPU
	EndGlobalSection
	GlobalSection(SolutionProperties) = preSolution
		HideSolutionNode = FALSE
	EndGlobalSection
	GlobalSection(ExtensibilityGlobals) = postSolution
		SolutionGuid = {870A499B-C670-493F-A99A-F003B9A9E628}
	EndGlobalSection
EndGlobal
